PODS:
  - Flutter (1.0.0)
  - flutter_plugin_ycad (0.0.1):
    - Flutter
    - MJExtension
  - MJExtension (3.2.4)

DEPENDENCIES:
  - Flutter (from `Flutter`)
  - flutter_plugin_ycad (from `.symlinks/plugins/flutter_plugin_ycad/ios`)

SPEC REPOS:
  trunk:
    - MJExtension

EXTERNAL SOURCES:
  Flutter:
    :path: Flutter
  flutter_plugin_ycad:
    :path: ".symlinks/plugins/flutter_plugin_ycad/ios"

SPEC CHECKSUMS:
  Flutter: 0e3d915762c693b495b44d77113d4970485de6ec
  flutter_plugin_ycad: 53370cb13b221d633aca06076a49d742621721c4
  MJExtension: 88e0900751b6cac8de1cf724ca9838a0b28d5acb

PODFILE CHECKSUM: 8e679eca47255a8ca8067c4c67aab20e64cb974d

COCOAPODS: 1.9.1
